
Microsoft Visual Studio Solution File, Format Version 12.00
# Visual Studio 15
VisualStudioVersion = 15.0.28307.1145
MinimumVisualStudioVersion = 10.0.40219.1
Project("{9A19103F-16F7-4668-BE54-9A1E7A4F7556}") = "UniversityRegister.API", "UniversityRegister.API\UniversityRegister.API.csproj", "{3E0E1527-F2A7-4F5D-A664-1675BE932055}"
EndProject
Project("{9A19103F-16F7-4668-BE54-9A1E7A4F7556}") = "UniversityRegister", "UniversityRegister\UniversityRegister.csproj", "{7B0363E9-484C-4107-8933-6FF7CC8A8E1A}"
EndProject
Global
	GlobalSection(SolutionConfigurationPlatforms) = preSolution
		Debug|Any CPU = Debug|Any CPU
		Release|Any CPU = Release|Any CPU
	EndGlobalSection
	GlobalSection(ProjectConfigurationPlatforms) = postSolution
		{3E0E1527-F2A7-4F5D-A664-1675BE932055}.Debug|Any CPU.ActiveCfg = Debug|Any CPU
		{3E0E1527-F2A7-4F5D-A664-1675BE932055}.Debug|Any CPU.Build.0 = Debug|Any CPU
		{3E0E1527-F2A7-4F5D-A664-1675BE932055}.Release|Any CPU.ActiveCfg = Release|Any CPU
		{3E0E1527-F2A7-4F5D-A664-1675BE932055}.Release|Any CPU.Build.0 = Release|Any CPU
		{7B0363E9-484C-4107-8933-6FF7CC8A8E1A}.Debug|Any CPU.ActiveCfg = Debug|Any CPU
		{7B0363E9-484C-4107-8933-6FF7CC8A8E1A}.Debug|Any CPU.Build.0 = Debug|Any CPU
		{7B0363E9-484C-4107-8933-6FF7CC8A8E1A}.Release|Any CPU.ActiveCfg = Release|Any CPU
		{7B0363E9-484C-4107-8933-6FF7CC8A8E1A}.Release|Any CPU.Build.0 = Release|Any CPU
	EndGlobalSection
	GlobalSection(SolutionProperties) = preSolution
		HideSolutionNode = FALSE
	EndGlobalSection
	GlobalSection(ExtensibilityGlobals) = postSolution
		SolutionGuid = {D7E6E98D-1FD3-4280-BF00-8E390783AF83}
	EndGlobalSection
EndGlobal
